
Microsoft Visual Studio Solution File, Format Version 12.00
# Visual Studio 15
VisualStudioVersion = 15.0.27703.2042
MinimumVisualStudioVersion = 10.0.40219.1
Project("{FAE04EC0-301F-11D3-BF4B-00C04F79EFBC}") = "Shop", "Shop\Shop.csproj", "{C4D845C6-CD29-4ADD-8D22-C2B684CBF1A9}"
EndProject
Project("{FAE04EC0-301F-11D3-BF4B-00C04F79EFBC}") = "ShopLib", "ShopLib\ShopLib.csproj", "{CED8C06B-268C-43A7-89F5-72A15E8039FD}"
EndProject
Global
	GlobalSection(SolutionConfigurationPlatforms) = preSolution
		Debug|Any CPU = Debug|Any CPU
		Release|Any CPU = Release|Any CPU
	EndGlobalSection
	GlobalSection(ProjectConfigurationPlatforms) = postSolution
		{C4D845C6-CD29-4ADD-8D22-C2B684CBF1A9}.Debug|Any CPU.ActiveCfg = Debug|Any CPU
		{C4D845C6-CD29-4ADD-8D22-C2B684CBF1A9}.Debug|Any CPU.Build.0 = Debug|Any CPU
		{C4D845C6-CD29-4ADD-8D22-C2B684CBF1A9}.Release|Any CPU.ActiveCfg = Release|Any CPU
		{C4D845C6-CD29-4ADD-8D22-C2B684CBF1A9}.Release|Any CPU.Build.0 = Release|Any CPU
		{CED8C06B-268C-43A7-89F5-72A15E8039FD}.Debug|Any CPU.ActiveCfg = Debug|Any CPU
		{CED8C06B-268C-43A7-89F5-72A15E8039FD}.Debug|Any CPU.Build.0 = Debug|Any CPU
		{CED8C06B-268C-43A7-89F5-72A15E8039FD}.Release|Any CPU.ActiveCfg = Release|Any CPU
		{CED8C06B-268C-43A7-89F5-72A15E8039FD}.Release|Any CPU.Build.0 = Release|Any CPU
	EndGlobalSection
	GlobalSection(SolutionProperties) = preSolution
		HideSolutionNode = FALSE
	EndGlobalSection
	GlobalSection(ExtensibilityGlobals) = postSolution
		SolutionGuid = {2D6CC713-3D81-4DC2-9981-3556E5889CA8}
	EndGlobalSection
EndGlobal
